{
  "name": "poe3",
  "version": "1.0.0",
  "lockfileVersion": 2,
  "requires": true,
  "packages": {
    "": {
      "name": "poe3",
      "version": "1.0.0",
      "license": "UNLICENSED",
      "devDependencies": {
        "prettier": "~2.8",
        "prettier-plugin-brace-style": "^0.1.1",
        "typescript": "^5.1.6"
      }
    },
    "node_modules/prettier": {
      "version": "2.8.8",
      "resolved": "https://registry.npmjs.org/prettier/-/prettier-2.8.8.tgz",
      "integrity": "sha512-tdN8qQGvNjw4CHbY+XXk0JgCXn9QiF21a55rBe5LJAU+kDyC4WQn4+awm2Xfk2lQMk5fKup9XgzTZtGkjBdP9Q==",
      "dev": true,
      "bin": {
        "prettier": "bin-prettier.js"
      },
      "engines": {
        "node": ">=10.13.0"
      },
      "funding": {
        "url": "https://github.com/prettier/prettier?sponsor=1"
      }
    },
    "node_modules/prettier-plugin-brace-style": {
      "version": "0.1.1",
      "resolved": "https://registry.npmjs.org/prettier-plugin-brace-style/-/prettier-plugin-brace-style-0.1.1.tgz",
      "integrity": "sha512-oZZtH6EaETEQcZXIcRrmnjM71vNJgq96l2gUbW+QouSC8KkS+Ols0RFV3kxACJztMhtpRyTT6tEVjxjH9YTWhw==",
      "dev": true,
      "optionalDependencies": {
        "prettier-plugin-merge": "~0.1.0"
      },
      "peerDependencies": {
        "prettier": "~2.8.4"
      }
    },
    "node_modules/prettier-plugin-merge": {
      "version": "0.1.1",
      "resolved": "https://registry.npmjs.org/prettier-plugin-merge/-/prettier-plugin-merge-0.1.1.tgz",
      "integrity": "sha512-5h+RQWjn4si+K06opGL2B8pf73A9syTyxLtkX8RaO/C2XcWtZdZAmaJ3a8LL20Gg/synkxWGLZrnxD8PYQGziQ==",
      "dev": true,
      "optional": true,
      "peerDependencies": {
        "prettier": "~2.8.4"
      }
    },
    "node_modules/typescript": {
      "version": "5.1.6",
      "resolved": "https://registry.npmjs.org/typescript/-/typescript-5.1.6.tgz",
      "integrity": "sha512-zaWCozRZ6DLEWAWFrVDz1H6FVXzUSfTy5FUMWsQlU8Ym5JP9eO4xkTIROFCQvhQf61z6O/G6ugw3SgAnvvm+HA==",
      "dev": true,
      "bin": {
        "tsc": "bin/tsc",
        "tsserver": "bin/tsserver"
      },
      "engines": {
        "node": ">=14.17"
      }
    }
  },
  "dependencies": {
    "prettier": {
      "version": "2.8.8",
      "resolved": "https://registry.npmjs.org/prettier/-/prettier-2.8.8.tgz",
      "integrity": "sha512-tdN8qQGvNjw4CHbY+XXk0JgCXn9QiF21a55rBe5LJAU+kDyC4WQn4+awm2Xfk2lQMk5fKup9XgzTZtGkjBdP9Q==",
      "dev": true
    },
    "prettier-plugin-brace-style": {
      "version": "0.1.1",
      "resolved": "https://registry.npmjs.org/prettier-plugin-brace-style/-/prettier-plugin-brace-style-0.1.1.tgz",
      "integrity": "sha512-oZZtH6EaETEQcZXIcRrmnjM71vNJgq96l2gUbW+QouSC8KkS+Ols0RFV3kxACJztMhtpRyTT6tEVjxjH9YTWhw==",
      "dev": true,
      "requires": {
        "prettier-plugin-merge": "~0.1.0"
      }
    },
    "prettier-plugin-merge": {
      "version": "0.1.1",
      "resolved": "https://registry.npmjs.org/prettier-plugin-merge/-/prettier-plugin-merge-0.1.1.tgz",
      "integrity": "sha512-5h+RQWjn4si+K06opGL2B8pf73A9syTyxLtkX8RaO/C2XcWtZdZAmaJ3a8LL20Gg/synkxWGLZrnxD8PYQGziQ==",
      "dev": true,
      "optional": true,
      "requires": {}
    },
    "typescript": {
      "version": "5.1.6",
      "resolved": "https://registry.npmjs.org/typescript/-/typescript-5.1.6.tgz",
      "integrity": "sha512-zaWCozRZ6DLEWAWFrVDz1H6FVXzUSfTy5FUMWsQlU8Ym5JP9eO4xkTIROFCQvhQf61z6O/G6ugw3SgAnvvm+HA==",
      "dev": true
    }
  }
}
